
Microsoft Visual Studio Solution File, Format Version 12.00
# Visual Studio Version 16
VisualStudioVersion = 16.0.29503.13
MinimumVisualStudioVersion = 10.0.40219.1
Project("{FAE04EC0-301F-11D3-BF4B-00C04F79EFBC}") = "AirportDispatchServiceVKR", "AirportDispatchServiceVKR\AirportDispatchServiceVKR.csproj", "{5577381A-9E0D-490A-9AC0-7AC1047D8512}"
EndProject
Global
	GlobalSection(SolutionConfigurationPlatforms) = preSolution
		Debug|Any CPU = Debug|Any CPU
		Release|Any CPU = Release|Any CPU
	EndGlobalSection
	GlobalSection(ProjectConfigurationPlatforms) = postSolution
		{5577381A-9E0D-490A-9AC0-7AC1047D8512}.Debug|Any CPU.ActiveCfg = Debug|Any CPU
		{5577381A-9E0D-490A-9AC0-7AC1047D8512}.Debug|Any CPU.Build.0 = Debug|Any CPU
		{5577381A-9E0D-490A-9AC0-7AC1047D8512}.Release|Any CPU.ActiveCfg = Release|Any CPU
		{5577381A-9E0D-490A-9AC0-7AC1047D8512}.Release|Any CPU.Build.0 = Release|Any CPU
	EndGlobalSection
	GlobalSection(SolutionProperties) = preSolution
		HideSolutionNode = FALSE
	EndGlobalSection
	GlobalSection(ExtensibilityGlobals) = postSolution
		SolutionGuid = {122AAA5D-7722-4EBC-AC21-41F0E04D9D73}
	EndGlobalSection
EndGlobal
